GEM
  remote: https://rubygems.org/
  specs:
    numo-narray (0.9.2.1)
    rice (4.3.3)
    terminal-table (4.0.0)
      unicode-display_width (>= 1.1.1, < 4)
    torch-rb (0.18.0)
      rice (>= 4.3.3)
    unicode-display_width (2.4.2)

PLATFORMS
  arm64-darwin-23

DEPENDENCIES
  numo-narray
  terminal-table
  torch-rb

BUNDLED WITH
   2.4.18
