{
  "name": "mahjong",
  "version": "1.0.0",
  "lockfileVersion": 3,
  "requires": true,
  "packages": {
    "": {
      "name": "mahjong",
      "version": "1.0.0",
      "license": "ISC",
      "dependencies": {
        "@yusuke4869/mahjong": "^0.1.1"
      }
    },
    "node_modules/@yusuke4869/mahjong": {
      "version": "0.1.1",
      "resolved": "https://npm.pkg.github.com/download/@yusuke4869/mahjong/0.1.1/a3e5ecef44960daddeb41b68c9b0d67e48b348e2",
      "integrity": "sha512-Cdy26qTVya7KW9hBQ2X1YYd95eqohqjfLEkzRXYDocxBOm22vIbhXm6ur6VHheVlM2KvvGndfekIvnujpWI6iA==",
      "license": "MIT"
    }
  }
}
